
Microsoft Visual Studio Solution File, Format Version 12.00
# Visual Studio Version 16
VisualStudioVersion = 16.0.30413.136
MinimumVisualStudioVersion = 10.0.40219.1
Project("{FAE04EC0-301F-11D3-BF4B-00C04F79EFBC}") = "Assignment_SOPost", "Assignment_SOPost\Assignment_SOPost.csproj", "{30FE3324-B464-441E-AC60-131FBC4840E7}"
EndProject
Global
	GlobalSection(SolutionConfigurationPlatforms) = preSolution
		Debug|Any CPU = Debug|Any CPU
		Release|Any CPU = Release|Any CPU
	EndGlobalSection
	GlobalSection(ProjectConfigurationPlatforms) = postSolution
		{30FE3324-B464-441E-AC60-131FBC4840E7}.Debug|Any CPU.ActiveCfg = Debug|Any CPU
		{30FE3324-B464-441E-AC60-131FBC4840E7}.Debug|Any CPU.Build.0 = Debug|Any CPU
		{30FE3324-B464-441E-AC60-131FBC4840E7}.Release|Any CPU.ActiveCfg = Release|Any CPU
		{30FE3324-B464-441E-AC60-131FBC4840E7}.Release|Any CPU.Build.0 = Release|Any CPU
	EndGlobalSection
	GlobalSection(SolutionProperties) = preSolution
		HideSolutionNode = FALSE
	EndGlobalSection
	GlobalSection(ExtensibilityGlobals) = postSolution
		SolutionGuid = {FC2FB3F6-EAA2-461A-A6AD-51E796C20B00}
	EndGlobalSection
EndGlobal
